
Microsoft Visual Studio Solution File, Format Version 12.00
# Visual Studio Version 16
VisualStudioVersion = 16.0.31112.23
MinimumVisualStudioVersion = 10.0.40219.1
Project("{FAE04EC0-301F-11D3-BF4B-00C04F79EFBC}") = "Cooking", "Cooking\Cooking.csproj", "{4BCB405A-BB30-4933-B451-EB46AC9E8CE1}"
EndProject
Global
	GlobalSection(SolutionConfigurationPlatforms) = preSolution
		Debug|Any CPU = Debug|Any CPU
		Release|Any CPU = Release|Any CPU
	EndGlobalSection
	GlobalSection(ProjectConfigurationPlatforms) = postSolution
		{4BCB405A-BB30-4933-B451-EB46AC9E8CE1}.Debug|Any CPU.ActiveCfg = Debug|Any CPU
		{4BCB405A-BB30-4933-B451-EB46AC9E8CE1}.Debug|Any CPU.Build.0 = Debug|Any CPU
		{4BCB405A-BB30-4933-B451-EB46AC9E8CE1}.Release|Any CPU.ActiveCfg = Release|Any CPU
		{4BCB405A-BB30-4933-B451-EB46AC9E8CE1}.Release|Any CPU.Build.0 = Release|Any CPU
	EndGlobalSection
	GlobalSection(SolutionProperties) = preSolution
		HideSolutionNode = FALSE
	EndGlobalSection
	GlobalSection(ExtensibilityGlobals) = postSolution
		SolutionGuid = {1661FCD3-0B72-48B2-A99A-C89EF2A4BB27}
	EndGlobalSection
EndGlobal
